{
 "lessons": [
  "aggregation",
  "circular-kadane",
  "cyclic-placement",
  "direct-scans",
  "frequency-arrays",
  "in-place-sign-marking",
  "kadane-state",
  "majority-vote",
  "product-state",
  "running-extremum-and-best-gain",
  "sorted-deduplication",
  "stable-compaction"
 ],
 "exercises": [
  "ar-average-salary",
  "ar-best-time-multiple",
  "ar-best-time-single",
  "ar-build-permutation",
  "ar-circular-all-negative",
  "ar-circular-minimum",
  "ar-circular-proof",
  "ar-dice-validation",
  "ar-digit-counts",
  "ar-disappeared-numbers",
  "ar-dominant-product-id",
  "ar-duplicate-slot",
  "ar-even-digit-count",
  "ar-filter-positives",
  "ar-find-duplicates",
  "ar-first-match",
  "ar-first-missing-positive",
  "ar-height-checker",
  "ar-kadane-all-negative",
  "ar-keep-evens",
  "ar-keep-one-per-run",
  "ar-largest-drop",
  "ar-last-match",
  "ar-majority-element",
  "ar-majority-element-two",
  "ar-max-absolute-sum",
  "ar-max-consecutive-ones",
  "ar-maximum",
  "ar-maximum-circular-subarray",
  "ar-maximum-product-subarray",
  "ar-maximum-subarray",
  "ar-minimum-subarray-sum",
  "ar-missing-number",
  "ar-move-zeroes",
  "ar-no-majority",
  "ar-no-profitable-pair",
  "ar-place-one-to-n",
  "ar-positive-product-length",
  "ar-product-ending-here",
  "ar-product-zeros-negatives",
  "ar-remove-duplicates",
  "ar-remove-duplicates-two",
  "ar-remove-element",
  "ar-reread-marked-value",
  "ar-set-mismatch",
  "ar-smaller-than-current",
  "ar-string-compression",
  "ar-target-absent",
  "ar-verify-candidate"
 ],
 "retired": []
}
