{
 "lessons": [
  "direction-state",
  "marker-state",
  "matrix-rotation",
  "neighbor-enumeration",
  "shape-contracts",
  "spiral-boundaries",
  "structured-traversal"
 ],
 "exercises": [
  "mx-clockwise-walker",
  "mx-column-sums",
  "mx-corner-cell",
  "mx-counterclockwise",
  "mx-diagonal-sum-formulas",
  "mx-diagonal-sum-shape",
  "mx-eight-neighbors",
  "mx-empty-rows",
  "mx-game-of-life",
  "mx-mark-bad-rows",
  "mx-neighbor-counts",
  "mx-odd-center",
  "mx-one-ring",
  "mx-orthogonal-count",
  "mx-perimeter-sum",
  "mx-ragged-sum",
  "mx-rectangular-sum",
  "mx-rotate-image",
  "mx-set-matrix-zeroes",
  "mx-set-zeroes-constant",
  "mx-single-cell",
  "mx-spiral-layers-fill",
  "mx-spiral-matrix",
  "mx-spiral-matrix-three",
  "mx-spiral-matrix-two",
  "mx-thin-remainder",
  "mx-toeplitz",
  "mx-transpose-square"
 ],
 "retired": []
}
