{
 "lessons": [
  "direct-addressing",
  "frequency-maps",
  "grouping-maps",
  "key-equality",
  "key-to-index-maps",
  "matrices-and-sets",
  "membership-sets",
  "set-sequences",
  "strings-and-maps"
 ],
 "exercises": [
  "hm-anagram-array",
  "hm-anagram-ledger",
  "hm-box-identity",
  "hm-contains-duplicate",
  "hm-contains-duplicate-two",
  "hm-count-coordinates",
  "hm-design-hashmap",
  "hm-directed-transitions",
  "hm-duplicate-starts",
  "hm-empty-buckets",
  "hm-first-index-wins",
  "hm-first-unique-char",
  "hm-first-unique-letter",
  "hm-group-anagrams",
  "hm-group-by-remainder",
  "hm-group-people-by-size",
  "hm-happy-number",
  "hm-happy-steps",
  "hm-intersection-arrays",
  "hm-isomorphic-strings",
  "hm-longest-consecutive",
  "hm-longest-span",
  "hm-lowercase-counts",
  "hm-mutable-key-failure",
  "hm-remove-zero-counts",
  "hm-row-column-scope",
  "hm-row-duplicates",
  "hm-shared-in-order",
  "hm-sparse-ids",
  "hm-two-sum",
  "hm-undirected-edge-key",
  "hm-unique-occurrences",
  "hm-valid-anagram",
  "hm-valid-sudoku",
  "hm-widest-equal-pair",
  "hm-word-pattern"
 ],
 "retired": []
}
