{
 "lessons": [
  "earliest-balance",
  "exclusion-state",
  "prefix-construction",
  "prefix-counts",
  "prefix-xor",
  "range-queries",
  "remainder-classes"
 ],
 "exercises": [
  "ps-balanced-prefix-zero",
  "ps-binary-subarrays-sum",
  "ps-contiguous-array",
  "ps-continuous-divisible",
  "ps-count-xor-k",
  "ps-divisible-subarrays",
  "ps-empty-prefix",
  "ps-equal-a-b",
  "ps-even-vowel-parity",
  "ps-half-open-query",
  "ps-longest-divisible-span",
  "ps-negative-remainders",
  "ps-nice-subarrays",
  "ps-pivot-index",
  "ps-prefix-averages",
  "ps-prefix-suffix-maximums",
  "ps-product-except-self",
  "ps-product-with-zeros",
  "ps-range-sum-immutable",
  "ps-running-sum",
  "ps-subarray-sum-k",
  "ps-sum-except-self",
  "ps-whole-array-query",
  "ps-xor-empty-prefix",
  "ps-xor-equal-triplets",
  "ps-xor-range-queries",
  "ps-xor-range-query",
  "ps-zero-target-count"
 ],
 "retired": []
}
