{
 "lessons": [
  "at-most-k-distinct-windows",
  "count-all-valid-subarrays-windows",
  "exactly-k-by-subtraction",
  "fixed-frequency-windows",
  "fixed-size-aggregate-windows",
  "longest-valid-windows",
  "minimum-cover-and-deficit-windows",
  "repeated-shrink-versus-non-shrinking-policy",
  "replacement-budget-windows",
  "window-frequency-state"
 ],
 "exercises": [
  "sw-at-least-k-repeating",
  "sw-at-most-k-characters",
  "sw-binary-uniform",
  "sw-binary-window-counts",
  "sw-block-sums",
  "sw-character-replacement",
  "sw-count-at-most-one-zero",
  "sw-count-sum-below-k",
  "sw-distinct-substring",
  "sw-empty-budget",
  "sw-exactly-one-odd",
  "sw-find-anagrams",
  "sw-flip-k-zeros",
  "sw-fruit-into-baskets",
  "sw-grumpy-owner",
  "sw-k-at-minimum",
  "sw-k-different-integers",
  "sw-k-is-zero",
  "sw-left-boundaries",
  "sw-max-average",
  "sw-max-vowels",
  "sw-minimum-size-subarray-sum",
  "sw-minimum-window-any-chars",
  "sw-minimum-window-substring",
  "sw-multiple-removals",
  "sw-nice-subarrays",
  "sw-no-cover-exists",
  "sw-one-distinct-value",
  "sw-one-removal-trace",
  "sw-permutation-in-string",
  "sw-permutation-matched",
  "sw-product-less-than-k",
  "sw-repeated-required",
  "sw-replacement-both-policies",
  "sw-replacement-cost",
  "sw-replacement-mixed-case",
  "sw-required-multiplicities",
  "sw-restore-before-record",
  "sw-run-one-zero",
  "sw-shortest-a-and-b",
  "sw-stale-maximum",
  "sw-three-characters",
  "sw-unique-non-shrinking",
  "sw-unique-status-counter",
  "sw-whole-array-window"
 ],
 "retired": []
}
