{
 "lessons": [
  "arrays-sort",
  "comparator-contracts",
  "object-ordering",
  "ordering-contracts",
  "sort-and-deduplicate",
  "sort-and-sweep",
  "stability-and-ties"
 ],
 "exercises": [
  "boxed-integers-descending",
  "comparator-chained-keys",
  "comparator-equal-extreme-keys",
  "comparator-equality-boundary",
  "deduplicate-all-equal",
  "deduplicate-array-intersection",
  "deduplicate-contains-duplicate",
  "deduplicate-longest-buildable-word",
  "explicit-index-tie",
  "extreme-integer-order",
  "largest-concatenated-number",
  "largest-number-comparator-contract",
  "object-equal-primary-keys",
  "object-queue-reconstruction",
  "object-reorder-log-files",
  "object-sort-scores",
  "safe-integer-comparator",
  "sort-array-merge-contract",
  "sort-array-subrange",
  "sort-boundary-values",
  "sort-contains-duplicate",
  "sort-primitive-copy",
  "stable-score-sort",
  "stable-sort-by-bit-count",
  "sweep-long-equal-run",
  "sweep-minimum-absolute-difference",
  "sweep-minimum-increment-unique",
  "sweep-queue-reconstruction",
  "sweep-sorted-squares-baseline"
 ],
 "retired": [
  "sweep-minimum-absolute-difference"
 ]
}
