{
 "lessons": [
  "exact-search",
  "first-and-last",
  "lower-and-upper-bounds"
 ],
 "exercises": [
  "bs-complete-target-range",
  "bs-descending-target",
  "bs-exact-target",
  "bs-first-occurrence",
  "bs-last-occurrence",
  "bs-outside-range",
  "bs-recognize-first-bad",
  "bs-recognize-row-major",
  "bs-search-insert-position",
  "bs-smallest-greater-letter",
  "bs-two-element-proof",
  "bs-upper-bound"
 ],
 "retired": []
}
