{
 "lessons": [
  "array-cycle-state",
  "duplicate-skipping",
  "k-sum-reduction",
  "opposite-ends",
  "read-and-write",
  "sorting-and-two-pointers",
  "three-way-partition",
  "two-way-partition"
 ],
 "exercises": [
  "tp-all-equal-triplet",
  "tp-closest-pair-sum",
  "tp-combo-four-sum",
  "tp-combo-three-closest",
  "tp-combo-three-sum",
  "tp-combo-two-sum-ii",
  "tp-container-water",
  "tp-duplicate-entry-proof",
  "tp-empty-region",
  "tp-find-duplicate",
  "tp-follow-links",
  "tp-four-sum-dedup",
  "tp-immediate-array-cycle",
  "tp-k-four-sum",
  "tp-k-three-sum",
  "tp-move-zeroes",
  "tp-overflowing-k-sum",
  "tp-parity-indices",
  "tp-partition-012",
  "tp-partition-pivot",
  "tp-reinspect-high",
  "tp-remove-duplicates-two",
  "tp-remove-element",
  "tp-remove-sorted-duplicates",
  "tp-sort-colors",
  "tp-sort-parity",
  "tp-three-sum-closest",
  "tp-three-sum-dedup",
  "tp-three-way-pivot",
  "tp-two-sum-ii",
  "tp-two-values",
  "tp-unique-pairs"
 ],
 "retired": []
}
