{
 "lessons": [
  "amortized-cost",
  "complexity-tradeoffs",
  "constraint-signals",
  "hostile-dry-runs",
  "input-guarantees",
  "java-cost-habits",
  "mutation-contracts",
  "sequence-language"
 ],
 "exercises": [
  "pc-aliased-input",
  "pc-all-equal",
  "pc-budget-check",
  "pc-classify-2-4",
  "pc-consecutive-loops",
  "pc-contiguous-maximum",
  "pc-doubling-array",
  "pc-empty-choice",
  "pc-front-removal",
  "pc-grow-by-one",
  "pc-hidden-overflow",
  "pc-meaningful-prefix",
  "pc-mutation-order",
  "pc-non-empty-maximum",
  "pc-numeric-extremes",
  "pc-one-expensive-append",
  "pc-order-matters",
  "pc-output-space",
  "pc-possibly-empty",
  "pc-potential-intuition",
  "pc-preserve-input",
  "pc-primitive-arrays",
  "pc-query-pressure",
  "pc-rectangular-or-ragged",
  "pc-singleton",
  "pc-small-domain",
  "pc-sort-then-scan",
  "pc-sorted-promise",
  "pc-string-construction",
  "pc-triangular-work",
  "pc-two-dimensions",
  "pc-value-equality"
 ],
 "retired": []
}
