{
 "lessons": [
  "endpoint-ordering-contracts",
  "merge-and-insert",
  "touching-boundary-semantics"
 ],
 "exercises": [
  "interval-closed-overlap",
  "interval-half-open-shared-resource",
  "interval-insert-interval",
  "interval-merge-already-sorted",
  "interval-merge-intervals",
  "interval-merge-supplied-contract",
  "interval-one-covers-many",
  "interval-order-end-start",
  "interval-order-extreme-endpoints",
  "interval-order-merge-recognition",
  "interval-order-start-end",
  "interval-zero-length-models"
 ],
 "retired": []
}
