{
 "lessons": [
  "center-expansion",
  "fixed-alphabet-counts",
  "indexed-scans",
  "normalization",
  "parsing-state",
  "run-construction",
  "safe-construction"
 ],
 "exercises": [
  "st-atoi",
  "st-compare-versions",
  "st-count-and-say",
  "st-count-digits",
  "st-detect-capital",
  "st-empty-result",
  "st-even-center",
  "st-final-run",
  "st-find-difference",
  "st-first-delimiter",
  "st-invalid-alphabet",
  "st-length-last-word",
  "st-license-key",
  "st-longest-even-palindrome",
  "st-longest-palindromic",
  "st-lowercase-letters",
  "st-palindromic-substrings",
  "st-parse-signed-integer",
  "st-punctuation-only",
  "st-ransom-note",
  "st-remove-spaces",
  "st-reverse-words",
  "st-run-length-encoding",
  "st-string-compression",
  "st-to-lower-case",
  "st-valid-number",
  "st-vowel-counts",
  "st-zigzag"
 ],
 "retired": []
}
